
Microsoft Visual Studio Solution File, Format Version 12.00
# Visual Studio Version 16
VisualStudioVersion = 16.0.30717.126
MinimumVisualStudioVersion = 10.0.40219.1
Project("{FAE04EC0-301F-11D3-BF4B-00C04F79EFBC}") = "TothRegina_beadandó", "TothRegina_beadandó\TothRegina_beadandó.csproj", "{042DBFC2-1243-452C-A441-C301E6584185}"
EndProject
Global
	GlobalSection(SolutionConfigurationPlatforms) = preSolution
		Debug|Any CPU = Debug|Any CPU
		Release|Any CPU = Release|Any CPU
	EndGlobalSection
	GlobalSection(ProjectConfigurationPlatforms) = postSolution
		{042DBFC2-1243-452C-A441-C301E6584185}.Debug|Any CPU.ActiveCfg = Debug|Any CPU
		{042DBFC2-1243-452C-A441-C301E6584185}.Debug|Any CPU.Build.0 = Debug|Any CPU
		{042DBFC2-1243-452C-A441-C301E6584185}.Release|Any CPU.ActiveCfg = Release|Any CPU
		{042DBFC2-1243-452C-A441-C301E6584185}.Release|Any CPU.Build.0 = Release|Any CPU
	EndGlobalSection
	GlobalSection(SolutionProperties) = preSolution
		HideSolutionNode = FALSE
	EndGlobalSection
	GlobalSection(ExtensibilityGlobals) = postSolution
		SolutionGuid = {F9AE228F-445D-4378-8D96-220CDF467C1B}
	EndGlobalSection
EndGlobal
